<Solution>
  <Folder Name="/src/">
    <Project Path="src/OmiPlatform.Ingest/OmiPlatform.Ingest.csproj" />
    <Project Path="src/OmiPlatform.Mcp/OmiPlatform.Mcp.csproj" />
    <Project Path="src/OmiPlatform.Omi/OmiPlatform.Omi.csproj" />
    <Project Path="src/OmiPlatform.Storage/OmiPlatform.Storage.csproj" />
  </Folder>
  <Folder Name="/tests/">
    <Project Path="tests/OmiPlatform.Omi.Tests/OmiPlatform.Omi.Tests.csproj" />
    <Project Path="tests/OmiPlatform.Storage.Tests/OmiPlatform.Storage.Tests.csproj" />
  </Folder>
</Solution>
